<?xml version="1.0" encoding="utf-8"?>
<Project ToolsVersion="4.0" xmlns="http://schemas.microsoft.com/developer/msbuild/2003">
  <ItemGroup>
    <Filter Include="Source Files">
      <UniqueIdentifier>{4FC737F1-C7A5-4376-A066-2A32D752A2FF}</UniqueIdentifier>
      <Extensions>cpp;c;cc;cxx;c++;def;odl;idl;hpj;bat;asm;asmx</Extensions>
    </Filter>
    <Filter Include="Header Files">
      <UniqueIdentifier>{93995380-89BD-4b04-88EB-625FBE52EBFB}</UniqueIdentifier>
      <Extensions>h;hh;hpp;hxx;h++;hm;inl;inc;ipp;xsd</Extensions>
    </Filter>
    <Filter Include="Resource Files">
      <UniqueIdentifier>{67DA6AB6-F800-4c08-8B7A-83BB121AAD01}</UniqueIdentifier>
      <Extensions>rc;ico;cur;bmp;dlg;rc2;rct;bin;rgs;gif;jpg;jpeg;jpe;resx;tiff;tif;png;wav;mfcribbon-ms</Extensions>
    </Filter>
    <Filter Include="Header Files\Chips">
      <UniqueIdentifier>{023a0f42-e94c-43eb-8321-87ac31aaf8f3}</UniqueIdentifier>
    </Filter>
  </ItemGroup>
  <ItemGroup>
    <ClCompile Include="..\src\Hacksim.cpp">
      <Filter>Source Files</Filter>
    </ClCompile>
    <ClCompile Include="..\src\BitmapManager.cpp">
      <Filter>Source Files</Filter>
    </ClCompile>
    <ClCompile Include="..\src\FileUtils.cpp">
      <Filter>Source Files</Filter>
    </ClCompile>
    <ClCompile Include="..\src\KeyboardManager.cpp">
      <Filter>Source Files</Filter>
    </ClCompile>
    <ClCompile Include="..\src\SimulatorThread.cpp">
      <Filter>Source Files</Filter>
    </ClCompile>
  </ItemGroup>
  <ItemGroup>
    <ClInclude Include="..\src\BaseWindow.h">
      <Filter>Header Files</Filter>
    </ClInclude>
    <ClInclude Include="..\src\WinUtils.h">
      <Filter>Header Files</Filter>
    </ClInclude>
    <ClInclude Include="..\src\MainWindow.h">
      <Filter>Header Files</Filter>
    </ClInclude>
    <ClInclude Include="..\src\Thread.h">
      <Filter>Header Files</Filter>
    </ClInclude>
    <ClInclude Include="..\src\SimulatorThread.h">
      <Filter>Header Files</Filter>
    </ClInclude>
    <ClInclude Include="..\src\Bits.h">
      <Filter>Header Files</Filter>
    </ClInclude>
    <ClInclude Include="..\src\Chips.h">
      <Filter>Header Files</Filter>
    </ClInclude>
    <ClInclude Include="..\src\Exceptions.h">
      <Filter>Header Files</Filter>
    </ClInclude>
    <ClInclude Include="..\src\FileUtils.h">
      <Filter>Header Files</Filter>
    </ClInclude>
    <ClInclude Include="..\src\ShallowChips.h">
      <Filter>Header Files</Filter>
    </ClInclude>
    <ClInclude Include="..\src\BitmapManager.h">
      <Filter>Header Files</Filter>
    </ClInclude>
    <ClInclude Include="..\src\KeyboardManager.h">
      <Filter>Header Files</Filter>
    </ClInclude>
    <ClInclude Include="..\src\Nand.h">
      <Filter>Header Files\Chips</Filter>
    </ClInclude>
    <ClInclude Include="..\src\Nand16.h">
      <Filter>Header Files\Chips</Filter>
    </ClInclude>
    <ClInclude Include="..\src\Not.h">
      <Filter>Header Files\Chips</Filter>
    </ClInclude>
    <ClInclude Include="..\src\And.h">
      <Filter>Header Files\Chips</Filter>
    </ClInclude>
    <ClInclude Include="..\src\Or.h">
      <Filter>Header Files\Chips</Filter>
    </ClInclude>
    <ClInclude Include="..\src\Xor.h">
      <Filter>Header Files\Chips</Filter>
    </ClInclude>
    <ClInclude Include="..\src\Mux.h">
      <Filter>Header Files\Chips</Filter>
    </ClInclude>
    <ClInclude Include="..\src\DMux.h">
      <Filter>Header Files\Chips</Filter>
    </ClInclude>
    <ClInclude Include="..\src\Not16.h">
      <Filter>Header Files\Chips</Filter>
    </ClInclude>
    <ClInclude Include="..\src\And16.h">
      <Filter>Header Files\Chips</Filter>
    </ClInclude>
    <ClInclude Include="..\src\Or16.h">
      <Filter>Header Files\Chips</Filter>
    </ClInclude>
    <ClInclude Include="..\src\Mux16.h">
      <Filter>Header Files\Chips</Filter>
    </ClInclude>
    <ClInclude Include="..\src\Or8Way.h">
      <Filter>Header Files\Chips</Filter>
    </ClInclude>
    <ClInclude Include="..\src\Mux4Way16.h">
      <Filter>Header Files\Chips</Filter>
    </ClInclude>
    <ClInclude Include="..\src\Mux8Way16.h">
      <Filter>Header Files\Chips</Filter>
    </ClInclude>
    <ClInclude Include="..\src\DMux4Way.h">
      <Filter>Header Files\Chips</Filter>
    </ClInclude>
    <ClInclude Include="..\src\DMux8Way.h">
      <Filter>Header Files\Chips</Filter>
    </ClInclude>
    <ClInclude Include="..\src\HalfAdder.h">
      <Filter>Header Files\Chips</Filter>
    </ClInclude>
    <ClInclude Include="..\src\FullAdder.h">
      <Filter>Header Files\Chips</Filter>
    </ClInclude>
    <ClInclude Include="..\src\Add16.h">
      <Filter>Header Files\Chips</Filter>
    </ClInclude>
    <ClInclude Include="..\src\Inc16.h">
      <Filter>Header Files\Chips</Filter>
    </ClInclude>
    <ClInclude Include="..\src\ALU.h">
      <Filter>Header Files\Chips</Filter>
    </ClInclude>
    <ClInclude Include="..\src\DFF.h">
      <Filter>Header Files\Chips</Filter>
    </ClInclude>
    <ClInclude Include="..\src\Bit.h">
      <Filter>Header Files\Chips</Filter>
    </ClInclude>
    <ClInclude Include="..\src\Register.h">
      <Filter>Header Files\Chips</Filter>
    </ClInclude>
    <ClInclude Include="..\src\PC.h">
      <Filter>Header Files\Chips</Filter>
    </ClInclude>
    <ClInclude Include="..\src\RAM8.h">
      <Filter>Header Files\Chips</Filter>
    </ClInclude>
    <ClInclude Include="..\src\RAM64.h">
      <Filter>Header Files\Chips</Filter>
    </ClInclude>
    <ClInclude Include="..\src\RAM512.h">
      <Filter>Header Files\Chips</Filter>
    </ClInclude>
    <ClInclude Include="..\src\RAM4K.h">
      <Filter>Header Files\Chips</Filter>
    </ClInclude>
    <ClInclude Include="..\src\RAM16K.h">
      <Filter>Header Files\Chips</Filter>
    </ClInclude>
    <ClInclude Include="..\src\Memory.h">
      <Filter>Header Files\Chips</Filter>
    </ClInclude>
    <ClInclude Include="..\src\CPU.h">
      <Filter>Header Files\Chips</Filter>
    </ClInclude>
    <ClInclude Include="..\src\Computer.h">
      <Filter>Header Files\Chips</Filter>
    </ClInclude>
    <ClInclude Include="..\src\Screen.h">
      <Filter>Header Files\Chips</Filter>
    </ClInclude>
    <ClInclude Include="..\src\ROM32K.h">
      <Filter>Header Files\Chips</Filter>
    </ClInclude>
    <ClInclude Include="..\src\ICombinationalCircuit.h">
      <Filter>Header Files\Chips</Filter>
    </ClInclude>
    <ClInclude Include="..\src\ISequentialCircuit.h">
      <Filter>Header Files\Chips</Filter>
    </ClInclude>
  </ItemGroup>
</Project>